
Microsoft Visual Studio Solution File, Format Version 12.00
# Visual Studio Version 17
VisualStudioVersion = 17.0.31903.59
MinimumVisualStudioVersion = 10.0.40219.1
Project("{FAE04EC0-301F-11D3-BF4B-00C04F79EFBC}") = "COba Git", "COba Git\COba Git.csproj", "{554AF2F6-B3B0-4EEF-BCB1-7C1CA68694F8}"
EndProject
Global
	GlobalSection(SolutionConfigurationPlatforms) = preSolution
		Debug|Any CPU = Debug|Any CPU
		Release|Any CPU = Release|Any CPU
	EndGlobalSection
	GlobalSection(ProjectConfigurationPlatforms) = postSolution
		{554AF2F6-B3B0-4EEF-BCB1-7C1CA68694F8}.Debug|Any CPU.ActiveCfg = Debug|Any CPU
		{554AF2F6-B3B0-4EEF-BCB1-7C1CA68694F8}.Debug|Any CPU.Build.0 = Debug|Any CPU
		{554AF2F6-B3B0-4EEF-BCB1-7C1CA68694F8}.Release|Any CPU.ActiveCfg = Release|Any CPU
		{554AF2F6-B3B0-4EEF-BCB1-7C1CA68694F8}.Release|Any CPU.Build.0 = Release|Any CPU
	EndGlobalSection
	GlobalSection(SolutionProperties) = preSolution
		HideSolutionNode = FALSE
	EndGlobalSection
	GlobalSection(ExtensibilityGlobals) = postSolution
		SolutionGuid = {9C903DEC-451F-4DC0-BA7B-56AACFE96B84}
	EndGlobalSection
EndGlobal
